{
  "name": "words",
  "version": "1.0.0",
  "lockfileVersion": 2,
  "requires": true,
  "packages": {
    "": {
      "name": "words",
      "version": "1.0.0",
      "license": "ISC",
      "dependencies": {
        "@ffmpeg/core": "^0.10.0",
        "@ffmpeg/ffmpeg": "^0.10.1",
        "ccapture.js": "github:aceslowman/ccapture.js#npm-fix",
        "matter-js": "^0.17.1",
        "p5": "^1.4.0",
        "parse-svg-path": "^0.1.2",
        "recordrtc": "^5.6.2",
        "simplify-path": "^1.1.0",
        "svg-path-contours": "^2.0.0",
        "text-to-svg": "^3.1.5",
        "triangulate-contours": "^1.0.2",
        "webm-writer": "^0.3.1"
      }
    },
    "node_modules/@ffmpeg/core": {
      "version": "0.10.0",
      "resolved": "https://registry.npmjs.org/@ffmpeg/core/-/core-0.10.0.tgz",
      "integrity": "sha512-qunWJl5PezpXEm31tb8Qu5z37B5KVA1VYZCpXchMhuAb3X9T7PuE3SlhOwphEoRhzaOa3lpofDfzihAUMFaVPQ=="
    },
    "node_modules/@ffmpeg/ffmpeg": {
      "version": "0.10.1",
      "resolved": "https://registry.npmjs.org/@ffmpeg/ffmpeg/-/ffmpeg-0.10.1.tgz",
      "integrity": "sha512-ChQkH7Rh57hmVo1LhfQFibWX/xqneolJKSwItwZdKPcLZuKigtYAYDIvB55pDfP17VtR1R77SxgkB2/UApB+Og==",
      "dependencies": {
        "is-url": "^1.2.4",
        "node-fetch": "^2.6.1",
        "regenerator-runtime": "^0.13.7",
        "resolve-url": "^0.2.1"
      },
      "engines": {
        "node": ">=12.16.1"
      }
    },
    "node_modules/abs-svg-path": {
      "version": "0.1.1",
      "resolved": "https://registry.npmjs.org/abs-svg-path/-/abs-svg-path-0.1.1.tgz",
      "integrity": "sha1-32Acjo0roQ1KdtYl4japo5wnI78="
    },
    "node_modules/adaptive-bezier-curve": {
      "version": "1.0.3",
      "resolved": "https://registry.npmjs.org/adaptive-bezier-curve/-/adaptive-bezier-curve-1.0.3.tgz",
      "integrity": "sha1-R3V3q+h9coDUbKQWSfbCJkb+gic="
    },
    "node_modules/ccapture.js": {
      "version": "1.0.8",
      "resolved": "git+ssh://git@github.com/aceslowman/ccapture.js.git#98b8046970c2bfbb25f749e732f196e15c3486fd",
      "license": "MIT"
    },
    "node_modules/commander": {
      "version": "2.20.3",
      "resolved": "https://registry.npmjs.org/commander/-/commander-2.20.3.tgz",
      "integrity": "sha512-GpVkmM8vF2vQUkj2LvZmD35JxeJOLCwJ9cUkugyk2nuhbv3+mJvpLYYt+0+USMxE+oj+ey/lJEnhZw75x/OMcQ=="
    },
    "node_modules/is-url": {
      "version": "1.2.4",
      "resolved": "https://registry.npmjs.org/is-url/-/is-url-1.2.4.tgz",
      "integrity": "sha512-ITvGim8FhRiYe4IQ5uHSkj7pVaPDrCTkNd3yq3cV7iZAcJdHTUMPMEHcqSOy9xZ9qFenQCvi+2wjH9a1nXqHww=="
    },
    "node_modules/matter-js": {
      "version": "0.17.1",
      "resolved": "https://registry.npmjs.org/matter-js/-/matter-js-0.17.1.tgz",
      "integrity": "sha512-pSquoENJgvSAlQGcA0s5UkmEohGXZaUww2g3B6qG87x0iEcVf+aigMXn5UkFPdnh6w3B+C4vXSLaYqhHwKrOLA=="
    },
    "node_modules/node-fetch": {
      "version": "2.6.2",
      "resolved": "https://registry.npmjs.org/node-fetch/-/node-fetch-2.6.2.tgz",
      "integrity": "sha512-aLoxToI6RfZ+0NOjmWAgn9+LEd30YCkJKFSyWacNZdEKTit/ZMcKjGkTRo8uWEsnIb/hfKecNPEbln02PdWbcA==",
      "engines": {
        "node": "4.x || >=6.0.0"
      }
    },
    "node_modules/normalize-svg-path": {
      "version": "0.1.0",
      "resolved": "https://registry.npmjs.org/normalize-svg-path/-/normalize-svg-path-0.1.0.tgz",
      "integrity": "sha1-RWNg5g7Odfvve11+FgSA5//Rb+U="
    },
    "node_modules/opentype.js": {
      "version": "0.11.0",
      "resolved": "https://registry.npmjs.org/opentype.js/-/opentype.js-0.11.0.tgz",
      "integrity": "sha512-Z9NkAyQi/iEKQYzCSa7/VJSqVIs33wknw8Z8po+DzuRUAqivJ+hJZ94mveg3xIeKwLreJdWTMyEO7x1K13l41Q==",
      "dependencies": {
        "string.prototype.codepointat": "^0.2.1",
        "tiny-inflate": "^1.0.2"
      },
      "bin": {
        "ot": "bin/ot"
      }
    },
    "node_modules/p5": {
      "version": "1.4.0",
      "resolved": "https://registry.npmjs.org/p5/-/p5-1.4.0.tgz",
      "integrity": "sha512-U888W2ChcIzPhRhnv4FkNhaa4f5BDIWZfLhzvx9ZrQ5KtkZr/+o1UPIicV3yWTRy0HEG23NviHyDR3kgjaJ9wA=="
    },
    "node_modules/parse-svg-path": {
      "version": "0.1.2",
      "resolved": "https://registry.npmjs.org/parse-svg-path/-/parse-svg-path-0.1.2.tgz",
      "integrity": "sha1-en7A0esG+lMlx9PgCbhZoJtdSes="
    },
    "node_modules/recordrtc": {
      "version": "5.6.2",
      "resolved": "https://registry.npmjs.org/recordrtc/-/recordrtc-5.6.2.tgz",
      "integrity": "sha512-1QNKKNtl7+KcwD1lyOgP3ZlbiJ1d0HtXnypUy7yq49xEERxk31PHvE9RCciDrulPCY7WJ+oz0R9hpNxgsIurGQ=="
    },
    "node_modules/regenerator-runtime": {
      "version": "0.13.9",
      "resolved": "https://registry.npmjs.org/regenerator-runtime/-/regenerator-runtime-0.13.9.tgz",
      "integrity": "sha512-p3VT+cOEgxFsRRA9X4lkI1E+k2/CtnKtU4gcxyaCUreilL/vqI6CdZ3wxVUx3UOUg+gnUOQQcRI7BmSI656MYA=="
    },
    "node_modules/resolve-url": {
      "version": "0.2.1",
      "resolved": "https://registry.npmjs.org/resolve-url/-/resolve-url-0.2.1.tgz",
      "integrity": "sha1-LGN/53yJOv0qZj/iGqkIAGjiBSo=",
      "deprecated": "https://github.com/lydell/resolve-url#deprecated"
    },
    "node_modules/simplify-path": {
      "version": "1.1.0",
      "resolved": "https://registry.npmjs.org/simplify-path/-/simplify-path-1.1.0.tgz",
      "integrity": "sha1-eRs50lJwsK/ANd51e6gm5vF2YQM="
    },
    "node_modules/string.prototype.codepointat": {
      "version": "0.2.1",
      "resolved": "https://registry.npmjs.org/string.prototype.codepointat/-/string.prototype.codepointat-0.2.1.tgz",
      "integrity": "sha512-2cBVCj6I4IOvEnjgO/hWqXjqBGsY+zwPmHl12Srk9IXSZ56Jwwmy+66XO5Iut/oQVR7t5ihYdLB0GMa4alEUcg=="
    },
    "node_modules/svg-path-contours": {
      "version": "2.0.0",
      "resolved": "https://registry.npmjs.org/svg-path-contours/-/svg-path-contours-2.0.0.tgz",
      "integrity": "sha1-x2oSlCnbBette2Hk0cWNEUqJOKI=",
      "dependencies": {
        "abs-svg-path": "^0.1.1",
        "adaptive-bezier-curve": "^1.0.3",
        "normalize-svg-path": "^0.1.0",
        "vec2-copy": "^1.0.0"
      }
    },
    "node_modules/tess2": {
      "version": "1.0.0",
      "resolved": "https://registry.npmjs.org/tess2/-/tess2-1.0.0.tgz",
      "integrity": "sha1-Li6yGCIpQGG4PUbLrv3QnYbd9ZM="
    },
    "node_modules/text-to-svg": {
      "version": "3.1.5",
      "resolved": "https://registry.npmjs.org/text-to-svg/-/text-to-svg-3.1.5.tgz",
      "integrity": "sha512-mbeGhMz9MAFaGaZGE8n4Mh/iQV/UkVnYJXhXFrv0eWkcNTgflhpHR2a8nr2ci3NU4FekIHJYKh0N0qdc6yUpfA==",
      "dependencies": {
        "commander": "^2.11.0",
        "opentype.js": "0.11.0"
      },
      "bin": {
        "text-to-svg": "bin/text-to-svg"
      }
    },
    "node_modules/tiny-inflate": {
      "version": "1.0.3",
      "resolved": "https://registry.npmjs.org/tiny-inflate/-/tiny-inflate-1.0.3.tgz",
      "integrity": "sha512-pkY1fj1cKHb2seWDy0B16HeWyczlJA9/WW3u3c4z/NiWDsO3DOU5D7nhTLE9CF0yXv/QZFY7sEJmj24dK+Rrqw=="
    },
    "node_modules/triangulate-contours": {
      "version": "1.0.2",
      "resolved": "https://registry.npmjs.org/triangulate-contours/-/triangulate-contours-1.0.2.tgz",
      "integrity": "sha1-wl3cnw4AMfORB2TPF/aELS+PwnQ=",
      "dependencies": {
        "tess2": "^1.0.0",
        "xtend": "^4.0.0"
      }
    },
    "node_modules/vec2-copy": {
      "version": "1.0.0",
      "resolved": "https://registry.npmjs.org/vec2-copy/-/vec2-copy-1.0.0.tgz",
      "integrity": "sha1-xu7B2NrVRiUZTl9x+EM7YtLyCno="
    },
    "node_modules/webm-writer": {
      "version": "0.3.1",
      "resolved": "https://registry.npmjs.org/webm-writer/-/webm-writer-0.3.1.tgz",
      "integrity": "sha512-7QonwyzLCdOKuaeojiX8d97794IfLR04hPHz+/dNbQCPpUOczHKyYFAIM/ubIoc+4zxRVK4Wdq4/sECwPPksxg=="
    },
    "node_modules/xtend": {
      "version": "4.0.2",
      "resolved": "https://registry.npmjs.org/xtend/-/xtend-4.0.2.tgz",
      "integrity": "sha512-LKYU1iAXJXUgAXn9URjiu+MWhyUXHsvfp7mcuYm9dSUKK0/CjtrUwFAxD82/mCWbtLsGjFIad0wIsod4zrTAEQ==",
      "engines": {
        "node": ">=0.4"
      }
    }
  },
  "dependencies": {
    "@ffmpeg/core": {
      "version": "0.10.0",
      "resolved": "https://registry.npmjs.org/@ffmpeg/core/-/core-0.10.0.tgz",
      "integrity": "sha512-qunWJl5PezpXEm31tb8Qu5z37B5KVA1VYZCpXchMhuAb3X9T7PuE3SlhOwphEoRhzaOa3lpofDfzihAUMFaVPQ=="
    },
    "@ffmpeg/ffmpeg": {
      "version": "0.10.1",
      "resolved": "https://registry.npmjs.org/@ffmpeg/ffmpeg/-/ffmpeg-0.10.1.tgz",
      "integrity": "sha512-ChQkH7Rh57hmVo1LhfQFibWX/xqneolJKSwItwZdKPcLZuKigtYAYDIvB55pDfP17VtR1R77SxgkB2/UApB+Og==",
      "requires": {
        "is-url": "^1.2.4",
        "node-fetch": "^2.6.1",
        "regenerator-runtime": "^0.13.7",
        "resolve-url": "^0.2.1"
      }
    },
    "abs-svg-path": {
      "version": "0.1.1",
      "resolved": "https://registry.npmjs.org/abs-svg-path/-/abs-svg-path-0.1.1.tgz",
      "integrity": "sha1-32Acjo0roQ1KdtYl4japo5wnI78="
    },
    "adaptive-bezier-curve": {
      "version": "1.0.3",
      "resolved": "https://registry.npmjs.org/adaptive-bezier-curve/-/adaptive-bezier-curve-1.0.3.tgz",
      "integrity": "sha1-R3V3q+h9coDUbKQWSfbCJkb+gic="
    },
    "ccapture.js": {
      "version": "git+ssh://git@github.com/aceslowman/ccapture.js.git#98b8046970c2bfbb25f749e732f196e15c3486fd",
      "from": "ccapture.js@github:aceslowman/ccapture.js#npm-fix"
    },
    "commander": {
      "version": "2.20.3",
      "resolved": "https://registry.npmjs.org/commander/-/commander-2.20.3.tgz",
      "integrity": "sha512-GpVkmM8vF2vQUkj2LvZmD35JxeJOLCwJ9cUkugyk2nuhbv3+mJvpLYYt+0+USMxE+oj+ey/lJEnhZw75x/OMcQ=="
    },
    "is-url": {
      "version": "1.2.4",
      "resolved": "https://registry.npmjs.org/is-url/-/is-url-1.2.4.tgz",
      "integrity": "sha512-ITvGim8FhRiYe4IQ5uHSkj7pVaPDrCTkNd3yq3cV7iZAcJdHTUMPMEHcqSOy9xZ9qFenQCvi+2wjH9a1nXqHww=="
    },
    "matter-js": {
      "version": "0.17.1",
      "resolved": "https://registry.npmjs.org/matter-js/-/matter-js-0.17.1.tgz",
      "integrity": "sha512-pSquoENJgvSAlQGcA0s5UkmEohGXZaUww2g3B6qG87x0iEcVf+aigMXn5UkFPdnh6w3B+C4vXSLaYqhHwKrOLA=="
    },
    "node-fetch": {
      "version": "2.6.2",
      "resolved": "https://registry.npmjs.org/node-fetch/-/node-fetch-2.6.2.tgz",
      "integrity": "sha512-aLoxToI6RfZ+0NOjmWAgn9+LEd30YCkJKFSyWacNZdEKTit/ZMcKjGkTRo8uWEsnIb/hfKecNPEbln02PdWbcA=="
    },
    "normalize-svg-path": {
      "version": "0.1.0",
      "resolved": "https://registry.npmjs.org/normalize-svg-path/-/normalize-svg-path-0.1.0.tgz",
      "integrity": "sha1-RWNg5g7Odfvve11+FgSA5//Rb+U="
    },
    "opentype.js": {
      "version": "0.11.0",
      "resolved": "https://registry.npmjs.org/opentype.js/-/opentype.js-0.11.0.tgz",
      "integrity": "sha512-Z9NkAyQi/iEKQYzCSa7/VJSqVIs33wknw8Z8po+DzuRUAqivJ+hJZ94mveg3xIeKwLreJdWTMyEO7x1K13l41Q==",
      "requires": {
        "string.prototype.codepointat": "^0.2.1",
        "tiny-inflate": "^1.0.2"
      }
    },
    "p5": {
      "version": "1.4.0",
      "resolved": "https://registry.npmjs.org/p5/-/p5-1.4.0.tgz",
      "integrity": "sha512-U888W2ChcIzPhRhnv4FkNhaa4f5BDIWZfLhzvx9ZrQ5KtkZr/+o1UPIicV3yWTRy0HEG23NviHyDR3kgjaJ9wA=="
    },
    "parse-svg-path": {
      "version": "0.1.2",
      "resolved": "https://registry.npmjs.org/parse-svg-path/-/parse-svg-path-0.1.2.tgz",
      "integrity": "sha1-en7A0esG+lMlx9PgCbhZoJtdSes="
    },
    "recordrtc": {
      "version": "5.6.2",
      "resolved": "https://registry.npmjs.org/recordrtc/-/recordrtc-5.6.2.tgz",
      "integrity": "sha512-1QNKKNtl7+KcwD1lyOgP3ZlbiJ1d0HtXnypUy7yq49xEERxk31PHvE9RCciDrulPCY7WJ+oz0R9hpNxgsIurGQ=="
    },
    "regenerator-runtime": {
      "version": "0.13.9",
      "resolved": "https://registry.npmjs.org/regenerator-runtime/-/regenerator-runtime-0.13.9.tgz",
      "integrity": "sha512-p3VT+cOEgxFsRRA9X4lkI1E+k2/CtnKtU4gcxyaCUreilL/vqI6CdZ3wxVUx3UOUg+gnUOQQcRI7BmSI656MYA=="
    },
    "resolve-url": {
      "version": "0.2.1",
      "resolved": "https://registry.npmjs.org/resolve-url/-/resolve-url-0.2.1.tgz",
      "integrity": "sha1-LGN/53yJOv0qZj/iGqkIAGjiBSo="
    },
    "simplify-path": {
      "version": "1.1.0",
      "resolved": "https://registry.npmjs.org/simplify-path/-/simplify-path-1.1.0.tgz",
      "integrity": "sha1-eRs50lJwsK/ANd51e6gm5vF2YQM="
    },
    "string.prototype.codepointat": {
      "version": "0.2.1",
      "resolved": "https://registry.npmjs.org/string.prototype.codepointat/-/string.prototype.codepointat-0.2.1.tgz",
      "integrity": "sha512-2cBVCj6I4IOvEnjgO/hWqXjqBGsY+zwPmHl12Srk9IXSZ56Jwwmy+66XO5Iut/oQVR7t5ihYdLB0GMa4alEUcg=="
    },
    "svg-path-contours": {
      "version": "2.0.0",
      "resolved": "https://registry.npmjs.org/svg-path-contours/-/svg-path-contours-2.0.0.tgz",
      "integrity": "sha1-x2oSlCnbBette2Hk0cWNEUqJOKI=",
      "requires": {
        "abs-svg-path": "^0.1.1",
        "adaptive-bezier-curve": "^1.0.3",
        "normalize-svg-path": "^0.1.0",
        "vec2-copy": "^1.0.0"
      }
    },
    "tess2": {
      "version": "1.0.0",
      "resolved": "https://registry.npmjs.org/tess2/-/tess2-1.0.0.tgz",
      "integrity": "sha1-Li6yGCIpQGG4PUbLrv3QnYbd9ZM="
    },
    "text-to-svg": {
      "version": "3.1.5",
      "resolved": "https://registry.npmjs.org/text-to-svg/-/text-to-svg-3.1.5.tgz",
      "integrity": "sha512-mbeGhMz9MAFaGaZGE8n4Mh/iQV/UkVnYJXhXFrv0eWkcNTgflhpHR2a8nr2ci3NU4FekIHJYKh0N0qdc6yUpfA==",
      "requires": {
        "commander": "^2.11.0",
        "opentype.js": "0.11.0"
      }
    },
    "tiny-inflate": {
      "version": "1.0.3",
      "resolved": "https://registry.npmjs.org/tiny-inflate/-/tiny-inflate-1.0.3.tgz",
      "integrity": "sha512-pkY1fj1cKHb2seWDy0B16HeWyczlJA9/WW3u3c4z/NiWDsO3DOU5D7nhTLE9CF0yXv/QZFY7sEJmj24dK+Rrqw=="
    },
    "triangulate-contours": {
      "version": "1.0.2",
      "resolved": "https://registry.npmjs.org/triangulate-contours/-/triangulate-contours-1.0.2.tgz",
      "integrity": "sha1-wl3cnw4AMfORB2TPF/aELS+PwnQ=",
      "requires": {
        "tess2": "^1.0.0",
        "xtend": "^4.0.0"
      }
    },
    "vec2-copy": {
      "version": "1.0.0",
      "resolved": "https://registry.npmjs.org/vec2-copy/-/vec2-copy-1.0.0.tgz",
      "integrity": "sha1-xu7B2NrVRiUZTl9x+EM7YtLyCno="
    },
    "webm-writer": {
      "version": "0.3.1",
      "resolved": "https://registry.npmjs.org/webm-writer/-/webm-writer-0.3.1.tgz",
      "integrity": "sha512-7QonwyzLCdOKuaeojiX8d97794IfLR04hPHz+/dNbQCPpUOczHKyYFAIM/ubIoc+4zxRVK4Wdq4/sECwPPksxg=="
    },
    "xtend": {
      "version": "4.0.2",
      "resolved": "https://registry.npmjs.org/xtend/-/xtend-4.0.2.tgz",
      "integrity": "sha512-LKYU1iAXJXUgAXn9URjiu+MWhyUXHsvfp7mcuYm9dSUKK0/CjtrUwFAxD82/mCWbtLsGjFIad0wIsod4zrTAEQ=="
    }
  }
}
